{
  "name": "MusicBox",
  "lockfileVersion": 3,
  "requires": true,
  "packages": {
    "": {
      "dependencies": {
        "lucide-react": "^1.24.0"
      }
    },
    "node_modules/lucide-react": {
      "version": "1.24.0",
      "resolved": "https://registry.npmjs.org/lucide-react/-/lucide-react-1.24.0.tgz",
      "integrity": "sha512-YT6mBD8lGKkg4nM39enlm94/sfJIiW0YKUT60fBy4YK8tai31ylg1VhGNWxkpSKHo9UagfnZqwIff3HTDQwXeA==",
      "license": "ISC",
      "peerDependencies": {
        "react": "^16.5.1 || ^17.0.0 || ^18.0.0 || ^19.0.0"
      }
    },
    "node_modules/react": {
      "version": "19.2.7",
      "resolved": "https://registry.npmjs.org/react/-/react-19.2.7.tgz",
      "integrity": "sha512-HNe9WslTbXmFK8o8cmwgAeJFSBvt1bPdHCVKtaaV+WlAN36mpT4hcRpwbf3fY56ar2oIXzsBpOAiIRHAdY0OlQ==",
      "license": "MIT",
      "peer": true,
      "engines": {
        "node": ">=0.10.0"
      }
    },
    "node_modules/react-devtools-core": {
      "version": "6.1.5",
      "resolved": "https://registry.npmjs.org/react-devtools-core/-/react-devtools-core-6.1.5.tgz",
      "integrity": "sha512-ePrwPfxAnB+7hgnEr8vpKxL9cmnp7F322t8oqcPshbIQQhDKgFDW4tjhF2wjVbdXF9O/nyuy3sQWd9JGpiLPvA==",
      "license": "MIT",
      "peer": true,
      "dependencies": {
        "shell-quote": "^1.6.1",
        "ws": "^7"
      }
    },
    "node_modules/react-devtools-core/node_modules/ws": {
      "version": "7.5.11",
      "resolved": "https://registry.npmjs.org/ws/-/ws-7.5.11.tgz",
      "integrity": "sha512-zS54Oen9bITtp7kp2XM3AydrCIq1D+HwJOuH+c+e4LfpL/lotP5osijd+UoMnxwAam1GN8R4KtLAyIrIcBNpiA==",
      "license": "MIT",
      "peer": true,
      "engines": {
        "node": ">=8.3.0"
      },
      "peerDependencies": {
        "bufferutil": "^4.0.1",
        "utf-8-validate": "^5.0.2"
      },
      "peerDependenciesMeta": {
        "bufferutil": {
          "optional": true
        },
        "utf-8-validate": {
          "optional": true
        }
      }
    },
    "node_modules/react-icons": {
      "version": "5.7.0",
      "resolved": "https://registry.npmjs.org/react-icons/-/react-icons-5.7.0.tgz",
      "integrity": "sha512-LBLy340Rzqy6+/yVhZKT3B/QpP1BZaesGqasf09HPOBzRarcDIFH0WwXlXQfE7q7ipxK4MSiC5DIBWURCny6fw==",
      "license": "MIT",
      "peerDependencies": {
        "react": "*"
      }
    },
    "node_modules/react-is": {
      "version": "18.3.1",
      "resolved": "https://registry.npmjs.org/react-is/-/react-is-18.3.1.tgz",
      "integrity": "sha512-/LLMVyas0ljjAtoYiPqYiL8VWXzUUdThrmU5+n20DZv+a+ClRoevUzw5JxU+Ieh5/c87ytoTBV9G1FiKfNJdmg==",
      "license": "MIT",
      "peer": true
    },
    "node_modules/react-native": {
      "version": "0.86.0",
      "resolved": "https://registry.npmjs.org/react-native/-/react-native-0.86.0.tgz",
      "integrity": "sha512-17ALh/dd6AO4pgOVmOO5Axll5PbErEo3XFyLokyzW6usyi+OShIEPwUW26wLPlhVifgSOIfECCH0WN+0IqtJ1w==",
      "license": "MIT",
      "peer": true,
      "dependencies": {
        "@react-native/assets-registry": "0.86.0",
        "@react-native/codegen": "0.86.0",
        "@react-native/community-cli-plugin": "0.86.0",
        "@react-native/gradle-plugin": "0.86.0",
        "@react-native/js-polyfills": "0.86.0",
        "@react-native/normalize-colors": "0.86.0",
        "@react-native/virtualized-lists": "0.86.0",
        "abort-controller": "^3.0.0",
        "anser": "^1.4.9",
        "ansi-regex": "^5.0.0",
        "babel-plugin-syntax-hermes-parser": "0.36.0",
        "base64-js": "^1.5.1",
        "commander": "^12.0.0",
        "flow-enums-runtime": "^0.0.6",
        "hermes-compiler": "250829098.0.14",
        "invariant": "^2.2.4",
        "memoize-one": "^5.0.0",
        "metro-runtime": "^0.84.3",
        "metro-source-map": "^0.84.3",
        "nullthrows": "^1.1.1",
        "pretty-format": "^29.7.0",
        "promise": "^8.3.0",
        "react-devtools-core": "^6.1.5",
        "react-refresh": "^0.14.0",
        "regenerator-runtime": "^0.13.2",
        "scheduler": "0.27.0",
        "semver": "^7.1.3",
        "stacktrace-parser": "^0.1.10",
        "tinyglobby": "^0.2.15",
        "whatwg-fetch": "^3.0.0",
        "ws": "^7.5.10",
        "yargs": "^17.6.2"
      },
      "bin": {
        "react-native": "cli.js"
      },
      "engines": {
        "node": "^20.19.4 || ^22.13.0 || ^24.3.0 || >= 25.0.0"
      },
      "peerDependencies": {
        "@react-native/jest-preset": "0.86.0",
        "@types/react": "^19.1.1",
        "react": "^19.2.3"
      },
      "peerDependenciesMeta": {
        "@react-native/jest-preset": {
          "optional": true
        },
        "@types/react": {
          "optional": true
        }
      }
    },
    "node_modules/react-native/node_modules/babel-plugin-syntax-hermes-parser": {
      "version": "0.36.0",
      "resolved": "https://registry.npmjs.org/babel-plugin-syntax-hermes-parser/-/babel-plugin-syntax-hermes-parser-0.36.0.tgz",
      "integrity": "sha512-LhD0xdoedDw7ansQgXbB2DADLZIK/LRXuWNBPuVzMc5S2WK5GyT89tCM+cQzxFGO0mGyLK6D5TrVOJJzAoDy8Q==",
      "license": "MIT",
      "peer": true,
      "dependencies": {
        "hermes-parser": "0.36.0"
      }
    },
    "node_modules/react-native/node_modules/commander": {
      "version": "12.1.0",
      "resolved": "https://registry.npmjs.org/commander/-/commander-12.1.0.tgz",
      "integrity": "sha512-Vw8qHK3bZM9y/P10u3Vib8o/DdkvA2OtPtZvD871QKjy74Wj1WSKFILMPRPSdUSx5RFK1arlJzEtA4PkFgnbuA==",
      "license": "MIT",
      "peer": true,
      "engines": {
        "node": ">=18"
      }
    },
    "node_modules/react-native/node_modules/hermes-estree": {
      "version": "0.36.0",
      "resolved": "https://registry.npmjs.org/hermes-estree/-/hermes-estree-0.36.0.tgz",
      "integrity": "sha512-A1+8zn5oss2CFP7pKsOaxorQG6FNIz1WU1VDqruLPPZl3LVgeE2C5xfFg8Ow6/Ow4mSslLLtYP1J3n38eKyW9w==",
      "license": "MIT",
      "peer": true
    },
    "node_modules/react-native/node_modules/hermes-parser": {
      "version": "0.36.0",
      "resolved": "https://registry.npmjs.org/hermes-parser/-/hermes-parser-0.36.0.tgz",
      "integrity": "sha512-GdpwMmH5x6IpC1cijvcvYnlPB60Mh6kTSF/NFdYV/j56gYdi+0RIakYs+eqOV+bbO0SW7mgVVGSsTJxyPQfo3w==",
      "license": "MIT",
      "peer": true,
      "dependencies": {
        "hermes-estree": "0.36.0"
      }
    },
    "node_modules/react-native/node_modules/ws": {
      "version": "7.5.11",
      "resolved": "https://registry.npmjs.org/ws/-/ws-7.5.11.tgz",
      "integrity": "sha512-zS54Oen9bITtp7kp2XM3AydrCIq1D+HwJOuH+c+e4LfpL/lotP5osijd+UoMnxwAam1GN8R4KtLAyIrIcBNpiA==",
      "license": "MIT",
      "peer": true,
      "engines": {
        "node": ">=8.3.0"
      },
      "peerDependencies": {
        "bufferutil": "^4.0.1",
        "utf-8-validate": "^5.0.2"
      },
      "peerDependenciesMeta": {
        "bufferutil": {
          "optional": true
        },
        "utf-8-validate": {
          "optional": true
        }
      }
    },
    "node_modules/react-refresh": {
      "version": "0.14.2",
      "resolved": "https://registry.npmjs.org/react-refresh/-/react-refresh-0.14.2.tgz",
      "integrity": "sha512-jCvmsr+1IUSMUyzOkRcvnVbX3ZYC6g9TDrDbFuFmRDq7PD4yaGbLKNQL6k2jnArV8hjYxh7hVhAZB6s9HDGpZA==",
      "license": "MIT",
      "peer": true,
      "engines": {
        "node": ">=0.10.0"
      }
    },
    "node_modules/regenerate": {
      "version": "1.4.2",
      "resolved": "https://registry.npmjs.org/regenerate/-/regenerate-1.4.2.tgz",
      "integrity": "sha512-zrceR/XhGYU/d/opr2EKO7aRHUeiBI8qjtfHqADTwZd6Szfy16la6kqD0MIUs5z5hx6AaKa+PixpPrR289+I0A==",
      "license": "MIT",
      "peer": true
    },
    "node_modules/regenerate-unicode-properties": {
      "version": "10.2.2",
      "resolved": "https://registry.npmjs.org/regenerate-unicode-properties/-/regenerate-unicode-properties-10.2.2.tgz",
      "integrity": "sha512-m03P+zhBeQd1RGnYxrGyDAPpWX/epKirLrp8e3qevZdVkKtnCrjjWczIbYc8+xd6vcTStVlqfycTx1KR4LOr0g==",
      "license": "MIT",
      "peer": true,
      "dependencies": {
        "regenerate": "^1.4.2"
      },
      "engines": {
        "node": ">=4"
      }
    },
    "node_modules/regenerator-runtime": {
      "version": "0.13.11",
      "resolved": "https://registry.npmjs.org/regenerator-runtime/-/regenerator-runtime-0.13.11.tgz",
      "integrity": "sha512-kY1AZVr2Ra+t+piVaJ4gxaFaReZVH40AKNo7UCX6W+dEwBo/2oZJzqfuN1qLq1oL45o56cPaTXELwrTh8Fpggg==",
      "license": "MIT",
      "peer": true
    },
    "node_modules/regexpu-core": {
      "version": "6.4.0",
      "resolved": "https://registry.npmjs.org/regexpu-core/-/regexpu-core-6.4.0.tgz",
      "integrity": "sha512-0ghuzq67LI9bLXpOX/ISfve/Mq33a4aFRzoQYhnnok1JOFpmE/A2TBGkNVenOGEeSBCjIiWcc6MVOG5HEQv0sA==",
      "license": "MIT",
      "peer": true,
      "dependencies": {
        "regenerate": "^1.4.2",
        "regenerate-unicode-properties": "^10.2.2",
        "regjsgen": "^0.8.0",
        "regjsparser": "^0.13.0",
        "unicode-match-property-ecmascript": "^2.0.0",
        "unicode-match-property-value-ecmascript": "^2.2.1"
      },
      "engines": {
        "node": ">=4"
      }
    },
    "node_modules/regjsgen": {
      "version": "0.8.0",
      "resolved": "https://registry.npmjs.org/regjsgen/-/regjsgen-0.8.0.tgz",
      "integrity": "sha512-RvwtGe3d7LvWiDQXeQw8p5asZUmfU1G/l6WbUXeHta7Y2PEIvBTwH6E2EfmYUK8pxcxEdEmaomqyp0vZZ7C+3Q==",
      "license": "MIT",
      "peer": true
    },
    "node_modules/regjsparser": {
      "version": "0.13.2",
      "resolved": "https://registry.npmjs.org/regjsparser/-/regjsparser-0.13.2.tgz",
      "integrity": "sha512-NgRBy2Nx/bE+9F27nVHnqcN5HjyLmecqsqx2PJHu3/IEtADD4WuxuXIVExD5PoSDFVrl78dOonfcOe5O+5nbzQ==",
      "license": "BSD-2-Clause",
      "peer": true,
      "dependencies": {
        "jsesc": "~3.1.0"
      },
      "bin": {
        "regjsparser": "bin/parser"
      }
    },
    "node_modules/require-directory": {
      "version": "2.1.1",
      "resolved": "https://registry.npmjs.org/require-directory/-/require-directory-2.1.1.tgz",
      "integrity": "sha512-fGxEI7+wsG9xrvdjsrlmL22OMTTiHRwAMroiEeMgq8gzoLC/PQr7RsRDSTLUg/bZAZtF+TVIkHc6/4RIKrui+Q==",
      "license": "MIT",
      "peer": true,
      "engines": {
        "node": ">=0.10.0"
      }
    },
    "node_modules/resolve": {
      "version": "1.22.12",
      "resolved": "https://registry.npmjs.org/resolve/-/resolve-1.22.12.tgz",
      "integrity": "sha512-TyeJ1zif53BPfHootBGwPRYT1RUt6oGWsaQr8UyZW/eAm9bKoijtvruSDEmZHm92CwS9nj7/fWttqPCgzep8CA==",
      "license": "MIT",
      "peer": true,
      "dependencies": {
        "es-errors": "^1.3.0",
        "is-core-module": "^2.16.1",
        "path-parse": "^1.0.7",
        "supports-preserve-symlinks-flag": "^1.0.0"
      },
      "bin": {
        "resolve": "bin/resolve"
      },
      "engines": {
        "node": ">= 0.4"
      },
      "funding": {
        "url": "https://github.com/sponsors/ljharb"
      }
    },
    "node_modules/resolve-from": {
      "version": "5.0.0",
      "resolved": "https://registry.npmjs.org/resolve-from/-/resolve-from-5.0.0.tgz",
      "integrity": "sha512-qYg9KP24dD5qka9J47d0aVky0N+b4fTU89LN9iDnjB5waksiC49rvMB0PrUJQGoTmH50XPiqOvAjDfaijGxYZw==",
      "license": "MIT",
      "peer": true,
      "engines": {
        "node": ">=8"
      }
    },
    "node_modules/resolve-workspace-root": {
      "version": "2.0.1",
      "resolved": "https://registry.npmjs.org/resolve-workspace-root/-/resolve-workspace-root-2.0.1.tgz",
      "integrity": "sha512-nR23LHAvaI6aHtMg6RWoaHpdR4D881Nydkzi2CixINyg9T00KgaJdJI6Vwty+Ps8WLxZHuxsS0BseWjxSA4C+w==",
      "license": "MIT",
      "peer": true
    },
    "node_modules/restore-cursor": {
      "version": "2.0.0",
      "resolved": "https://registry.npmjs.org/restore-cursor/-/restore-cursor-2.0.0.tgz",
      "integrity": "sha512-6IzJLuGi4+R14vwagDHX+JrXmPVtPpn4mffDJ1UdR7/Edm87fl6yi8mMBIVvFtJaNTUvjughmW4hwLhRG7gC1Q==",
      "license": "MIT",
      "peer": true,
      "dependencies": {
        "onetime": "^2.0.0",
        "signal-exit": "^3.0.2"
      },
      "engines": {
        "node": ">=4"
      }
    },
    "node_modules/safe-buffer": {
      "version": "5.2.1",
      "resolved": "https://registry.npmjs.org/safe-buffer/-/safe-buffer-5.2.1.tgz",
      "integrity": "sha512-rp3So07KcdmmKbGvgaNxQSJr7bGVSVk5S9Eq1F+ppbRo70+YeaDxkw5Dd8NPN+GD6bjnYm2VuPuCXmpuYvmCXQ==",
      "funding": [
        {
          "type": "github",
          "url": "https://github.com/sponsors/feross"
        },
        {
          "type": "patreon",
          "url": "https://www.patreon.com/feross"
        },
        {
          "type": "consulting",
          "url": "https://feross.org/support"
        }
      ],
      "license": "MIT",
      "peer": true
    },
    "node_modules/sax": {
      "version": "1.6.0",
      "resolved": "https://registry.npmjs.org/sax/-/sax-1.6.0.tgz",
      "integrity": "sha512-6R3J5M4AcbtLUdZmRv2SygeVaM7IhrLXu9BmnOGmmACak8fiUtOsYNWUS4uK7upbmHIBbLBeFeI//477BKLBzA==",
      "license": "BlueOak-1.0.0",
      "peer": true,
      "engines": {
        "node": ">=11.0.0"
      }
    },
    "node_modules/scheduler": {
      "version": "0.27.0",
      "resolved": "https://registry.npmjs.org/scheduler/-/scheduler-0.27.0.tgz",
      "integrity": "sha512-eNv+WrVbKu1f3vbYJT/xtiF5syA5HPIMtf9IgY/nKg0sWqzAUEvqY/xm7OcZc/qafLx/iO9FgOmeSAp4v5ti/Q==",
      "license": "MIT",
      "peer": true
    },
    "node_modules/semver": {
      "version": "7.8.5",
      "resolved": "https://registry.npmjs.org/semver/-/semver-7.8.5.tgz",
      "integrity": "sha512-Y7/KDsb8LjooZpwaqGyulO6DQlksgCncchHGk+sZIY4SBvUocMBEFH5Ur1fI4dV+Jvl0w6cjvucaIi40puRioA==",
      "license": "ISC",
      "peer": true,
      "bin": {
        "semver": "bin/semver.js"
      },
      "engines": {
        "node": ">=10"
      }
    },
    "node_modules/send": {
      "version": "0.19.2",
      "resolved": "https://registry.npmjs.org/send/-/send-0.19.2.tgz",
      "integrity": "sha512-VMbMxbDeehAxpOtWJXlcUS5E8iXh6QmN+BkRX1GARS3wRaXEEgzCcB10gTQazO42tpNIya8xIyNx8fll1OFPrg==",
      "license": "MIT",
      "peer": true,
      "dependencies": {
        "debug": "2.6.9",
        "depd": "2.0.0",
        "destroy": "1.2.0",
        "encodeurl": "~2.0.0",
        "escape-html": "~1.0.3",
        "etag": "~1.8.1",
        "fresh": "~0.5.2",
        "http-errors": "~2.0.1",
        "mime": "1.6.0",
        "ms": "2.1.3",
        "on-finished": "~2.4.1",
        "range-parser": "~1.2.1",
        "statuses": "~2.0.2"
      },
      "engines": {
        "node": ">= 0.8.0"
      }
    },
    "node_modules/send/node_modules/debug": {
      "version": "2.6.9",
      "resolved": "https://registry.npmjs.org/debug/-/debug-2.6.9.tgz",
      "integrity": "sha512-bC7ElrdJaJnPbAP+1EotYvqZsb3ecl5wi6Bfi6BJTUcNowp6cvspg0jXznRTKDjm/E7AdgFBVeAPVMNcKGsHMA==",
      "license": "MIT",
      "peer": true,
      "dependencies": {
        "ms": "2.0.0"
      }
    },
    "node_modules/send/node_modules/debug/node_modules/ms": {
      "version": "2.0.0",
      "resolved": "https://registry.npmjs.org/ms/-/ms-2.0.0.tgz",
      "integrity": "sha512-Tpp60P6IUJDTuOq/5Z8cdskzJujfwqfOTkrwIwj7IRISpnkJnT6SyJ4PCPnGMoFjC9ddhal5KVIYtAt97ix05A==",
      "license": "MIT",
      "peer": true
    },
    "node_modules/send/node_modules/encodeurl": {
      "version": "2.0.0",
      "resolved": "https://registry.npmjs.org/encodeurl/-/encodeurl-2.0.0.tgz",
      "integrity": "sha512-Q0n9HRi4m6JuGIV1eFlmvJB7ZEVxu93IrMyiMsGC0lrMJMWzRgx6WGquyfQgZVb31vhGgXnfmPNNXmxnOkRBrg==",
      "license": "MIT",
      "peer": true,
      "engines": {
        "node": ">= 0.8"
      }
    },
    "node_modules/send/node_modules/on-finished": {
      "version": "2.4.1",
      "resolved": "https://registry.npmjs.org/on-finished/-/on-finished-2.4.1.tgz",
      "integrity": "sha512-oVlzkg3ENAhCk2zdv7IJwd/QUD4z2RxRwpkcGY8psCVcCYZNq4wYnVWALHM+brtuJjePWiYF/ClmuDr8Ch5+kg==",
      "license": "MIT",
      "peer": true,
      "dependencies": {
        "ee-first": "1.1.1"
      },
      "engines": {
        "node": ">= 0.8"
      }
    },
    "node_modules/send/node_modules/statuses": {
      "version": "2.0.2",
      "resolved": "https://registry.npmjs.org/statuses/-/statuses-2.0.2.tgz",
      "integrity": "sha512-DvEy55V3DB7uknRo+4iOGT5fP1slR8wQohVdknigZPMpMstaKJQWhwiYBACJE3Ul2pTnATihhBYnRhZQHGBiRw==",
      "license": "MIT",
      "peer": true,
      "engines": {
        "node": ">= 0.8"
      }
    },
    "node_modules/serialize-error": {
      "version": "2.1.0",
      "resolved": "https://registry.npmjs.org/serialize-error/-/serialize-error-2.1.0.tgz",
      "integrity": "sha512-ghgmKt5o4Tly5yEG/UJp8qTd0AN7Xalw4XBtDEKP655B699qMEtra1WlXeE6WIvdEG481JvRxULKsInq/iNysw==",
      "license": "MIT",
      "peer": true,
      "engines": {
        "node": ">=0.10.0"
      }
    },
    "node_modules/serve-static": {
      "version": "1.16.3",
      "resolved": "https://registry.npmjs.org/serve-static/-/serve-static-1.16.3.tgz",
      "integrity": "sha512-x0RTqQel6g5SY7Lg6ZreMmsOzncHFU7nhnRWkKgWuMTu5NN0DR5oruckMqRvacAN9d5w6ARnRBXl9xhDCgfMeA==",
      "license": "MIT",
      "peer": true,
      "dependencies": {
        "encodeurl": "~2.0.0",
        "escape-html": "~1.0.3",
        "parseurl": "~1.3.3",
        "send": "~0.19.1"
      },
      "engines": {
        "node": ">= 0.8.0"
      }
    },
    "node_modules/serve-static/node_modules/encodeurl": {
      "version": "2.0.0",
      "resolved": "https://registry.npmjs.org/encodeurl/-/encodeurl-2.0.0.tgz",
      "integrity": "sha512-Q0n9HRi4m6JuGIV1eFlmvJB7ZEVxu93IrMyiMsGC0lrMJMWzRgx6WGquyfQgZVb31vhGgXnfmPNNXmxnOkRBrg==",
      "license": "MIT",
      "peer": true,
      "engines": {
        "node": ">= 0.8"
      }
    },
    "node_modules/setprototypeof": {
      "version": "1.2.0",
      "resolved": "https://registry.npmjs.org/setprototypeof/-/setprototypeof-1.2.0.tgz",
      "integrity": "sha512-E5LDX7Wrp85Kil5bhZv46j8jOeboKq5JMmYM3gVGdGH8xFpPWXUMsNrlODCrkoxMEeNi/XZIwuRvY4XNwYMJpw==",
      "license": "ISC",
      "peer": true
    },
    "node_modules/shebang-command": {
      "version": "2.0.0",
      "resolved": "https://registry.npmjs.org/shebang-command/-/shebang-command-2.0.0.tgz",
      "integrity": "sha512-kHxr2zZpYtdmrN1qDjrrX/Z1rR1kG8Dx+gkpK1G4eXmvXswmcE1hTWBWYUzlraYw1/yZp6YuDY77YtvbN0dmDA==",
      "license": "MIT",
      "peer": true,
      "dependencies": {
        "shebang-regex": "^3.0.0"
      },
      "engines": {
        "node": ">=8"
      }
    },
    "node_modules/shebang-regex": {
      "version": "3.0.0",
      "resolved": "https://registry.npmjs.org/shebang-regex/-/shebang-regex-3.0.0.tgz",
      "integrity": "sha512-7++dFhtcx3353uBaq8DDR4NuxBetBzC7ZQOhmTQInHEd6bSrXdiEyzCvG07Z44UYdLShWUyXt5M/yhz8ekcb1A==",
      "license": "MIT",
      "peer": true,
      "engines": {
        "node": ">=8"
      }
    },
    "node_modules/shell-quote": {
      "version": "1.10.0",
      "resolved": "https://registry.npmjs.org/shell-quote/-/shell-quote-1.10.0.tgz",
      "integrity": "sha512-w1aiOKwKuRgtwAReIIj89puqg+I7GvX4IbLrvmhXbzQsj1+Zwi4VO3+fa6ZF91TWSjIxoEkKnMeHcLEODK5ZXA==",
      "license": "MIT",
      "peer": true,
      "engines": {
        "node": ">= 0.4"
      },
      "funding": {
        "url": "https://github.com/sponsors/ljharb"
      }
    },
    "node_modules/signal-exit": {
      "version": "3.0.7",
      "resolved": "https://registry.npmjs.org/signal-exit/-/signal-exit-3.0.7.tgz",
      "integrity": "sha512-wnD2ZE+l+SPC/uoS0vXeE9L1+0wuaMqKlfz9AMUo38JsyLSBWSFcHR1Rri62LZc12vLr1gb3jl7iwQhgwpAbGQ==",
      "license": "ISC",
      "peer": true
    },
    "node_modules/simple-plist": {
      "version": "1.3.1",
      "resolved": "https://registry.npmjs.org/simple-plist/-/simple-plist-1.3.1.tgz",
      "integrity": "sha512-iMSw5i0XseMnrhtIzRb7XpQEXepa9xhWxGUojHBL43SIpQuDQkh3Wpy67ZbDzZVr6EKxvwVChnVpdl8hEVLDiw==",
      "license": "MIT",
      "peer": true,
      "dependencies": {
        "bplist-creator": "0.1.0",
        "bplist-parser": "0.3.1",
        "plist": "^3.0.5"
      }
    },
    "node_modules/simple-plist/node_modules/bplist-parser": {
      "version": "0.3.1",
      "resolved": "https://registry.npmjs.org/bplist-parser/-/bplist-parser-0.3.1.tgz",
      "integrity": "sha512-PyJxiNtA5T2PlLIeBot4lbp7rj4OadzjnMZD/G5zuBNt8ei/yCU7+wW0h2bag9vr8c+/WuRWmSxbqAl9hL1rBA==",
      "license": "MIT",
      "peer": true,
      "dependencies": {
        "big-integer": "1.6.x"
      },
      "engines": {
        "node": ">= 5.10.0"
      }
    },
    "node_modules/sisteransi": {
      "version": "1.0.5",
      "resolved": "https://registry.npmjs.org/sisteransi/-/sisteransi-1.0.5.tgz",
      "integrity": "sha512-bLGGlR1QxBcynn2d5YmDX4MGjlZvy2MRBDRNHLJ8VI6l6+9FUiyTFNJ0IveOSP0bcXgVDPRcfGqA0pjaqUpfVg==",
      "license": "MIT",
      "peer": true
    },
    "node_modules/slugify": {
      "version": "1.6.9",
      "resolved": "https://registry.npmjs.org/slugify/-/slugify-1.6.9.tgz",
      "integrity": "sha512-vZ7rfeehZui7wQs438JXBckYLkIIdfHOXsaVEUMyS5fHo1483l1bMdo0EDSWYclY0yZKFOipDy4KHuKs6ssvdg==",
      "license": "MIT",
      "peer": true,
      "engines": {
        "node": ">=8.0.0"
      }
    },
    "node_modules/source-map": {
      "version": "0.5.7",
      "resolved": "https://registry.npmjs.org/source-map/-/source-map-0.5.7.tgz",
      "integrity": "sha512-LbrmJOMUSdEVxIKvdcJzQC+nQhe8FUZQTXQy6+I75skNgn3OoQ0DZA8YnFa7gp8tqtL3KPf1kmo0R5DoApeSGQ==",
      "license": "BSD-3-Clause",
      "peer": true,
      "engines": {
        "node": ">=0.10.0"
      }
    },
    "node_modules/source-map-js": {
      "version": "1.2.1",
      "resolved": "https://registry.npmjs.org/source-map-js/-/source-map-js-1.2.1.tgz",
      "integrity": "sha512-UXWMKhLOwVKb728IUtQPXxfYU+usdybtUrK/8uGE8CQMvrhOpwvzDBwj0QhSL7MQc7vIsISBG8VQ8+IDQxpfQA==",
      "license": "BSD-3-Clause",
      "peer": true,
      "engines": {
        "node": ">=0.10.0"
      }
    },
    "node_modules/source-map-support": {
      "version": "0.5.21",
      "resolved": "https://registry.npmjs.org/source-map-support/-/source-map-support-0.5.21.tgz",
      "integrity": "sha512-uBHU3L3czsIyYXKX88fdrGovxdSCoTGDRZ6SYXtSRxLZUzHg5P/66Ht6uoUlHu9EZod+inXhKo3qQgwXUT/y1w==",
      "license": "MIT",
      "peer": true,
      "dependencies": {
        "buffer-from": "^1.0.0",
        "source-map": "^0.6.0"
      }
    },
    "node_modules/source-map-support/node_modules/source-map": {
      "version": "0.6.1",
      "resolved": "https://registry.npmjs.org/source-map/-/source-map-0.6.1.tgz",
      "integrity": "sha512-UjgapumWlbMhkBgzT7Ykc5YXUT46F0iKu8SGXq0bcwP5dz/h0Plj6enJqjz1Zbq2l5WaqYnrVbwWOWMyF3F47g==",
      "license": "BSD-3-Clause",
      "peer": true,
      "engines": {
        "node": ">=0.10.0"
      }
    },
    "node_modules/stackframe": {
      "version": "1.3.4",
      "resolved": "https://registry.npmjs.org/stackframe/-/stackframe-1.3.4.tgz",
      "integrity": "sha512-oeVtt7eWQS+Na6F//S4kJ2K2VbRlS9D43mAlMyVpVWovy9o+jfgH8O9agzANzaiLjclA0oYzUXEM4PurhSUChw==",
      "license": "MIT",
      "peer": true
    },
    "node_modules/stacktrace-parser": {
      "version": "0.1.11",
      "resolved": "https://registry.npmjs.org/stacktrace-parser/-/stacktrace-parser-0.1.11.tgz",
      "integrity": "sha512-WjlahMgHmCJpqzU8bIBy4qtsZdU9lRlcZE3Lvyej6t4tuOuv1vk57OW3MBrj6hXBFx/nNoC9MPMTcr5YA7NQbg==",
      "license": "MIT",
      "peer": true,
      "dependencies": {
        "type-fest": "^0.7.1"
      },
      "engines": {
        "node": ">=6"
      }
    },
    "node_modules/statuses": {
      "version": "1.5.0",
      "resolved": "https://registry.npmjs.org/statuses/-/statuses-1.5.0.tgz",
      "integrity": "sha512-OpZ3zP+jT1PI7I8nemJX4AKmAX070ZkYPVWV/AaKTJl+tXCTGyVdC1a4SL8RUQYEwk/f34ZX8UTykN68FwrqAA==",
      "license": "MIT",
      "peer": true,
      "engines": {
        "node": ">= 0.6"
      }
    },
    "node_modules/stream-buffers": {
      "version": "2.2.0",
      "resolved": "https://registry.npmjs.org/stream-buffers/-/stream-buffers-2.2.0.tgz",
      "integrity": "sha512-uyQK/mx5QjHun80FLJTfaWE7JtwfRMKBLkMne6udYOmvH0CawotVa7TfgYHzAnpphn4+TweIx1QKMnRIbipmUg==",
      "license": "Unlicense",
      "peer": true,
      "engines": {
        "node": ">= 0.10.0"
      }
    },
    "node_modules/string-width": {
      "version": "4.2.3",
      "resolved": "https://registry.npmjs.org/string-width/-/string-width-4.2.3.tgz",
      "integrity": "sha512-wKyQRQpjJ0sIp62ErSZdGsjMJWsap5oRNihHhu6G7JVO/9jIB6UyevL+tXuOqrng8j/cxKTWyWUwvSTriiZz/g==",
      "license": "MIT",
      "peer": true,
      "dependencies": {
        "emoji-regex": "^8.0.0",
        "is-fullwidth-code-point": "^3.0.0",
        "strip-ansi": "^6.0.1"
      },
      "engines": {
        "node": ">=8"
      }
    },
    "node_modules/string-width/node_modules/strip-ansi": {
      "version": "6.0.1",
      "resolved": "https://registry.npmjs.org/strip-ansi/-/strip-ansi-6.0.1.tgz",
      "integrity": "sha512-Y38VPSHcqkFrCpFnQ9vuSXmquuv5oXOKpGeT6aGrr3o3Gc9AlVa6JBfUSOCnbxGGZF+/0ooI7KrPuUSztUdU5A==",
      "license": "MIT",
      "peer": true,
      "dependencies": {
        "ansi-regex": "^5.0.1"
      },
      "engines": {
        "node": ">=8"
      }
    },
    "node_modules/strip-ansi": {
      "version": "5.2.0",
      "resolved": "https://registry.npmjs.org/strip-ansi/-/strip-ansi-5.2.0.tgz",
      "integrity": "sha512-DuRs1gKbBqsMKIZlrffwlug8MHkcnpjs5VPmL1PAh+mA30U0DTotfDZ0d2UUsXpPmPmMMJ6W773MaA3J+lbiWA==",
      "license": "MIT",
      "peer": true,
      "dependencies": {
        "ansi-regex": "^4.1.0"
      },
      "engines": {
        "node": ">=6"
      }
    },
    "node_modules/strip-ansi/node_modules/ansi-regex": {
      "version": "4.1.1",
      "resolved": "https://registry.npmjs.org/ansi-regex/-/ansi-regex-4.1.1.tgz",
      "integrity": "sha512-ILlv4k/3f6vfQ4OoP2AGvirOktlQ98ZEL1k9FaQjxa3L1abBgbuTDAdPOpvbGncC0BTVQrl+OM8xZGK6tWXt7g==",
      "license": "MIT",
      "peer": true,
      "engines": {
        "node": ">=6"
      }
    },
    "node_modules/structured-headers": {
      "version": "0.4.1",
      "resolved": "https://registry.npmjs.org/structured-headers/-/structured-headers-0.4.1.tgz",
      "integrity": "sha512-0MP/Cxx5SzeeZ10p/bZI0S6MpgD+yxAhi1BOQ34jgnMXsCq3j1t6tQnZu+KdlL7dvJTLT3g9xN8tl10TqgFMcg==",
      "license": "MIT",
      "peer": true
    },
    "node_modules/supports-color": {
      "version": "7.2.0",
      "resolved": "https://registry.npmjs.org/supports-color/-/supports-color-7.2.0.tgz",
      "integrity": "sha512-qpCAvRl9stuOHveKsn7HncJRvv501qIacKzQlO/+Lwxc9+0q2wLyv4Dfvt80/DPn2pqOBsJdDiogXGR9+OvwRw==",
      "license": "MIT",
      "peer": true,
      "dependencies": {
        "has-flag": "^4.0.0"
      },
      "engines": {
        "node": ">=8"
      }
    },
    "node_modules/supports-hyperlinks": {
      "version": "2.3.0",
      "resolved": "https://registry.npmjs.org/supports-hyperlinks/-/supports-hyperlinks-2.3.0.tgz",
      "integrity": "sha512-RpsAZlpWcDwOPQA22aCH4J0t7L8JmAvsCxfOSEwm7cQs3LshN36QaTkwd70DnBOXDWGssw2eUoc8CaRWT0XunA==",
      "license": "MIT",
      "peer": true,
      "dependencies": {
        "has-flag": "^4.0.0",
        "supports-color": "^7.0.0"
      },
      "engines": {
        "node": ">=8"
      }
    },
    "node_modules/supports-preserve-symlinks-flag": {
      "version": "1.0.0",
      "resolved": "https://registry.npmjs.org/supports-preserve-symlinks-flag/-/supports-preserve-symlinks-flag-1.0.0.tgz",
      "integrity": "sha512-ot0WnXS9fgdkgIcePe6RHNk1WA8+muPa6cSjeR3V8K27q9BB1rTE3R1p7Hv0z1ZyAc8s6Vvv8DIyWf681MAt0w==",
      "license": "MIT",
      "peer": true,
      "engines": {
        "node": ">= 0.4"
      },
      "funding": {
        "url": "https://github.com/sponsors/ljharb"
      }
    },
    "node_modules/terminal-link": {
      "version": "2.1.1",
      "resolved": "https://registry.npmjs.org/terminal-link/-/terminal-link-2.1.1.tgz",
      "integrity": "sha512-un0FmiRUQNr5PJqy9kP7c40F5BOfpGlYTrxonDChEZB7pzZxRNp/bt+ymiy9/npwXya9KH99nJ/GXFIiUkYGFQ==",
      "license": "MIT",
      "peer": true,
      "dependencies": {
        "ansi-escapes": "^4.2.1",
        "supports-hyperlinks": "^2.0.0"
      },
      "engines": {
        "node": ">=8"
      },
      "funding": {
        "url": "https://github.com/sponsors/sindresorhus"
      }
    },
    "node_modules/terser": {
      "version": "5.49.0",
      "resolved": "https://registry.npmjs.org/terser/-/terser-5.49.0.tgz",
      "integrity": "sha512-SNiDnXyHSrxVcIOtVbULzcTmniUiwcV7Nwdyj1twVubeTmbjoa8p69KKDpfkdoOavuM4/GRm1+ykI8qqnavHoA==",
      "license": "BSD-2-Clause",
      "peer": true,
      "dependencies": {
        "@jridgewell/source-map": "^0.3.3",
        "acorn": "^8.15.0",
        "commander": "^2.20.0",
        "source-map-support": "~0.5.20"
      },
      "bin": {
        "terser": "bin/terser"
      },
      "engines": {
        "node": ">=10"
      }
    },
    "node_modules/terser/node_modules/commander": {
      "version": "2.20.3",
      "resolved": "https://registry.npmjs.org/commander/-/commander-2.20.3.tgz",
      "integrity": "sha512-GpVkmM8vF2vQUkj2LvZmD35JxeJOLCwJ9cUkugyk2nuhbv3+mJvpLYYt+0+USMxE+oj+ey/lJEnhZw75x/OMcQ==",
      "license": "MIT",
      "peer": true
    },
    "node_modules/throat": {
      "version": "5.0.0",
      "resolved": "https://registry.npmjs.org/throat/-/throat-5.0.0.tgz",
      "integrity": "sha512-fcwX4mndzpLQKBS1DVYhGAcYaYt7vsHNIvQV+WXMvnow5cgjPphq5CaayLaGsjRdSCKZFNGt7/GYAuXaNOiYCA==",
      "license": "MIT",
      "peer": true
    },
    "node_modules/tinyglobby": {
      "version": "0.2.17",
      "resolved": "https://registry.npmjs.org/tinyglobby/-/tinyglobby-0.2.17.tgz",
      "integrity": "sha512-wXR/dYpcqKmfWpEdZjiKJOwCNFndD0DMnrW/cYjVGttEkBfVgcLFHoNrlj47mjOVic9yyNu65alsgF4NQyTa2g==",
      "license": "MIT",
      "peer": true,
      "dependencies": {
        "fdir": "^6.5.0",
        "picomatch": "^4.0.4"
      },
      "engines": {
        "node": ">=12.0.0"
      },
      "funding": {
        "url": "https://github.com/sponsors/SuperchupuDev"
      }
    },
    "node_modules/tmpl": {
      "version": "1.0.5",
      "resolved": "https://registry.npmjs.org/tmpl/-/tmpl-1.0.5.tgz",
      "integrity": "sha512-3f0uOEAQwIqGuWW2MVzYg8fV/QNnc/IpuJNG837rLuczAaLVHslWHZQj4IGiEl5Hs3kkbhwL9Ab7Hrsmuj+Smw==",
      "license": "BSD-3-Clause",
      "peer": true
    },
    "node_modules/to-regex-range": {
      "version": "5.0.1",
      "resolved": "https://registry.npmjs.org/to-regex-range/-/to-regex-range-5.0.1.tgz",
      "integrity": "sha512-65P7iz6X5yEr1cwcgvQxbbIw7Uk3gOy5dIdtZ4rDveLqhrdJP+Li/Hx6tyK0NEb+2GCyneCMJiGqrADCSNk8sQ==",
      "license": "MIT",
      "peer": true,
      "dependencies": {
        "is-number": "^7.0.0"
      },
      "engines": {
        "node": ">=8.0"
      }
    },
    "node_modules/toidentifier": {
      "version": "1.0.1",
      "resolved": "https://registry.npmjs.org/toidentifier/-/toidentifier-1.0.1.tgz",
      "integrity": "sha512-o5sSPKEkg/DIQNmH43V0/uerLrpzVedkUh8tGNvaeXpfpuwjKenlSox/2O/BTlZUtEe+JG7s5YhEz608PlAHRA==",
      "license": "MIT",
      "peer": true,
      "engines": {
        "node": ">=0.6"
      }
    },
    "node_modules/toqr": {
      "version": "0.1.1",
      "resolved": "https://registry.npmjs.org/toqr/-/toqr-0.1.1.tgz",
      "integrity": "sha512-FWAPzCIHZHnrE/5/w9MPk0kK25hSQSH2IKhYh9PyjS3SG/+IEMvlwIHbhz+oF7xl54I+ueZlVnMjyzdSwLmAwA==",
      "license": "MIT",
      "peer": true
    },
    "node_modules/type-fest": {
      "version": "0.7.1",
      "resolved": "https://registry.npmjs.org/type-fest/-/type-fest-0.7.1.tgz",
      "integrity": "sha512-Ne2YiiGN8bmrmJJEuTWTLJR32nh/JdL1+PSicowtNb0WFpn59GK8/lfD61bVtzguz7b3PBt74nxpv/Pw5po5Rg==",
      "license": "(MIT OR CC0-1.0)",
      "peer": true,
      "engines": {
        "node": ">=8"
      }
    },
    "node_modules/undici-types": {
      "version": "8.3.0",
      "resolved": "https://registry.npmjs.org/undici-types/-/undici-types-8.3.0.tgz",
      "integrity": "sha512-j375ScV60dom+YkPFIfTLcOiPxkN/buHz5GobjLhixFuANaNs3C9l4GmrWqejgXWJ7BbJcFYpTEUkS1Ge8bpZQ==",
      "license": "MIT",
      "peer": true
    },
    "node_modules/unicode-canonical-property-names-ecmascript": {
      "version": "2.0.1",
      "resolved": "https://registry.npmjs.org/unicode-canonical-property-names-ecmascript/-/unicode-canonical-property-names-ecmascript-2.0.1.tgz",
      "integrity": "sha512-dA8WbNeb2a6oQzAQ55YlT5vQAWGV9WXOsi3SskE3bcCdM0P4SDd+24zS/OCacdRq5BkdsRj9q3Pg6YyQoxIGqg==",
      "license": "MIT",
      "peer": true,
      "engines": {
        "node": ">=4"
      }
    },
    "node_modules/unicode-match-property-ecmascript": {
      "version": "2.0.0",
      "resolved": "https://registry.npmjs.org/unicode-match-property-ecmascript/-/unicode-match-property-ecmascript-2.0.0.tgz",
      "integrity": "sha512-5kaZCrbp5mmbz5ulBkDkbY0SsPOjKqVS35VpL9ulMPfSl0J0Xsm+9Evphv9CoIZFwre7aJoa94AY6seMKGVN5Q==",
      "license": "MIT",
      "peer": true,
      "dependencies": {
        "unicode-canonical-property-names-ecmascript": "^2.0.0",
        "unicode-property-aliases-ecmascript": "^2.0.0"
      },
      "engines": {
        "node": ">=4"
      }
    },
    "node_modules/unicode-match-property-value-ecmascript": {
      "version": "2.2.1",
      "resolved": "https://registry.npmjs.org/unicode-match-property-value-ecmascript/-/unicode-match-property-value-ecmascript-2.2.1.tgz",
      "integrity": "sha512-JQ84qTuMg4nVkx8ga4A16a1epI9H6uTXAknqxkGF/aFfRLw1xC/Bp24HNLaZhHSkWd3+84t8iXnp1J0kYcZHhg==",
      "license": "MIT",
      "peer": true,
      "engines": {
        "node": ">=4"
      }
    },
    "node_modules/unicode-property-aliases-ecmascript": {
      "version": "2.2.0",
      "resolved": "https://registry.npmjs.org/unicode-property-aliases-ecmascript/-/unicode-property-aliases-ecmascript-2.2.0.tgz",
      "integrity": "sha512-hpbDzxUY9BFwX+UeBnxv3Sh1q7HFxj48DTmXchNgRa46lO8uj3/1iEn3MiNUYTg1g9ctIqXCCERn8gYZhHC5lQ==",
      "license": "MIT",
      "peer": true,
      "engines": {
        "node": ">=4"
      }
    },
    "node_modules/unpipe": {
      "version": "1.0.0",
      "resolved": "https://registry.npmjs.org/unpipe/-/unpipe-1.0.0.tgz",
      "integrity": "sha512-pjy2bYhSsufwWlKwPc+l3cN7+wuJlK6uz0YdJEOlQDbl6jo/YlPi4mb8agUkVC8BF7V8NuzeyPNqRksA3hztKQ==",
      "license": "MIT",
      "peer": true,
      "engines": {
        "node": ">= 0.8"
      }
    },
    "node_modules/update-browserslist-db": {
      "version": "1.2.3",
      "resolved": "https://registry.npmjs.org/update-browserslist-db/-/update-browserslist-db-1.2.3.tgz",
      "integrity": "sha512-Js0m9cx+qOgDxo0eMiFGEueWztz+d4+M3rGlmKPT+T4IS/jP4ylw3Nwpu6cpTTP8R1MAC1kF4VbdLt3ARf209w==",
      "funding": [
        {
          "type": "opencollective",
          "url": "https://opencollective.com/browserslist"
        },
        {
          "type": "tidelift",
          "url": "https://tidelift.com/funding/github/npm/browserslist"
        },
        {
          "type": "github",
          "url": "https://github.com/sponsors/ai"
        }
      ],
      "license": "MIT",
      "peer": true,
      "dependencies": {
        "escalade": "^3.2.0",
        "picocolors": "^1.1.1"
      },
      "bin": {
        "update-browserslist-db": "cli.js"
      },
      "peerDependencies": {
        "browserslist": ">= 4.21.0"
      }
    },
    "node_modules/utils-merge": {
      "version": "1.0.1",
      "resolved": "https://registry.npmjs.org/utils-merge/-/utils-merge-1.0.1.tgz",
      "integrity": "sha512-pMZTvIkT1d+TFGvDOqodOclx0QWkkgi6Tdoa8gC8ffGAAqz9pzPTZWAybbsHHoED/ztMtkv/VoYTYyShUn81hA==",
      "license": "MIT",
      "peer": true,
      "engines": {
        "node": ">= 0.4.0"
      }
    },
    "node_modules/uuid": {
      "version": "7.0.3",
      "resolved": "https://registry.npmjs.org/uuid/-/uuid-7.0.3.tgz",
      "integrity": "sha512-DPSke0pXhTZgoF/d+WSt2QaKMCFSfx7QegxEWT+JOuHF5aWrKEn0G+ztjuJg/gG8/ItK+rbPCD/yNv8yyih6Cg==",
      "deprecated": "uuid@10 and below is no longer supported.  For ESM codebases, update to uuid@latest.  For CommonJS codebases, use uuid@11 (but be aware this version will likely be deprecated in 2028).",
      "license": "MIT",
      "peer": true,
      "bin": {
        "uuid": "dist/bin/uuid"
      }
    },
    "node_modules/validate-npm-package-name": {
      "version": "5.0.1",
      "resolved": "https://registry.npmjs.org/validate-npm-package-name/-/validate-npm-package-name-5.0.1.tgz",
      "integrity": "sha512-OljLrQ9SQdOUqTaQxqL5dEfZWrXExyyWsozYlAWFawPVNuD83igl7uJD2RTkNMbniIYgt8l81eCJGIdQF7avLQ==",
      "license": "ISC",
      "peer": true,
      "engines": {
        "node": "^14.17.0 || ^16.13.0 || >=18.0.0"
      }
    },
    "node_modules/vary": {
      "version": "1.1.2",
      "resolved": "https://registry.npmjs.org/vary/-/vary-1.1.2.tgz",
      "integrity": "sha512-BNGbWLfd0eUPabhkXUVm0j8uuvREyTh5ovRa/dyow/BqAbZJyC+5fU+IzQOzmAKzYqYRAISoRhdQr3eIZ/PXqg==",
      "license": "MIT",
      "peer": true,
      "engines": {
        "node": ">= 0.8"
      }
    },
    "node_modules/vlq": {
      "version": "1.0.1",
      "resolved": "https://registry.npmjs.org/vlq/-/vlq-1.0.1.tgz",
      "integrity": "sha512-gQpnTgkubC6hQgdIcRdYGDSDc+SaujOdyesZQMv6JlfQee/9Mp0Qhnys6WxDWvQnL5WZdT7o2Ul187aSt0Rq+w==",
      "license": "MIT",
      "peer": true
    },
    "node_modules/walker": {
      "version": "1.0.8",
      "resolved": "https://registry.npmjs.org/walker/-/walker-1.0.8.tgz",
      "integrity": "sha512-ts/8E8l5b7kY0vlWLewOkDXMmPdLcVV4GmOQLyxuSswIJsweeFZtAsMF7k1Nszz+TYBQrlYRmzOnr398y1JemQ==",
      "license": "Apache-2.0",
      "peer": true,
      "dependencies": {
        "makeerror": "1.0.12"
      }
    },
    "node_modules/wcwidth": {
      "version": "1.0.1",
      "resolved": "https://registry.npmjs.org/wcwidth/-/wcwidth-1.0.1.tgz",
      "integrity": "sha512-XHPEwS0q6TaxcvG85+8EYkbiCux2XtWG2mkc47Ng2A77BQu9+DqIOJldST4HgPkuea7dvKSj5VgX3P1d4rW8Tg==",
      "license": "MIT",
      "peer": true,
      "dependencies": {
        "defaults": "^1.0.3"
      }
    },
    "node_modules/whatwg-fetch": {
      "version": "3.6.20",
      "resolved": "https://registry.npmjs.org/whatwg-fetch/-/whatwg-fetch-3.6.20.tgz",
      "integrity": "sha512-EqhiFU6daOA8kpjOWTL0olhVOF3i7OrFzSYiGsEMB8GcXS+RrzauAERX65xMeNWVqxA6HXH2m69Z9LaKKdisfg==",
      "license": "MIT",
      "peer": true
    },
    "node_modules/whatwg-url-minimum": {
      "version": "0.1.2",
      "resolved": "https://registry.npmjs.org/whatwg-url-minimum/-/whatwg-url-minimum-0.1.2.tgz",
      "integrity": "sha512-XPEm0XFQWNVG292lII1PrRRJl3sItrs7CettZ4ncYxuDVpLyy+NwlGyut2hXI0JswcJUxeCH+CyOJK0ZzAXD6A==",
      "license": "MIT",
      "peer": true
    },
    "node_modules/which": {
      "version": "2.0.2",
      "resolved": "https://registry.npmjs.org/which/-/which-2.0.2.tgz",
      "integrity": "sha512-BLI3Tl1TW3Pvl70l3yq3Y64i+awpwXqsGBYWkkqMtnbXgrMD+yj7rhW0kuEDxzJaYXGjEW5ogapKNMEKNMjibA==",
      "license": "ISC",
      "peer": true,
      "dependencies": {
        "isexe": "^2.0.0"
      },
      "bin": {
        "node-which": "bin/node-which"
      },
      "engines": {
        "node": ">= 8"
      }
    },
    "node_modules/wrap-ansi": {
      "version": "7.0.0",
      "resolved": "https://registry.npmjs.org/wrap-ansi/-/wrap-ansi-7.0.0.tgz",
      "integrity": "sha512-YVGIj2kamLSTxw6NsZjoBxfSwsn0ycdesmc4p+Q21c5zPuZ1pl+NfxVdxPtdHvmNVOQ6XSYG4AUtyt/Fi7D16Q==",
      "license": "MIT",
      "peer": true,
      "dependencies": {
        "ansi-styles": "^4.0.0",
        "string-width": "^4.1.0",
        "strip-ansi": "^6.0.0"
      },
      "engines": {
        "node": ">=10"
      },
      "funding": {
        "url": "https://github.com/chalk/wrap-ansi?sponsor=1"
      }
    },
    "node_modules/wrap-ansi/node_modules/strip-ansi": {
      "version": "6.0.1",
      "resolved": "https://registry.npmjs.org/strip-ansi/-/strip-ansi-6.0.1.tgz",
      "integrity": "sha512-Y38VPSHcqkFrCpFnQ9vuSXmquuv5oXOKpGeT6aGrr3o3Gc9AlVa6JBfUSOCnbxGGZF+/0ooI7KrPuUSztUdU5A==",
      "license": "MIT",
      "peer": true,
      "dependencies": {
        "ansi-regex": "^5.0.1"
      },
      "engines": {
        "node": ">=8"
      }
    },
    "node_modules/ws": {
      "version": "8.21.0",
      "resolved": "https://registry.npmjs.org/ws/-/ws-8.21.0.tgz",
      "integrity": "sha512-Vsp28b7DRcimFQvrqu2Wek3z1iYxDCWqHYB8Qsnk/S4RfaCQzPGPyBNuVjJV3cd6UiKtUtp6sNM77gWvzcCH+g==",
      "license": "MIT",
      "peer": true,
      "engines": {
        "node": ">=10.0.0"
      },
      "peerDependencies": {
        "bufferutil": "^4.0.1",
        "utf-8-validate": ">=5.0.2"
      },
      "peerDependenciesMeta": {
        "bufferutil": {
          "optional": true
        },
        "utf-8-validate": {
          "optional": true
        }
      }
    },
    "node_modules/xcode": {
      "version": "3.0.1",
      "resolved": "https://registry.npmjs.org/xcode/-/xcode-3.0.1.tgz",
      "integrity": "sha512-kCz5k7J7XbJtjABOvkc5lJmkiDh8VhjVCGNiqdKCscmVpdVUpEAyXv1xmCLkQJ5dsHqx3IPO4XW+NTDhU/fatA==",
      "license": "Apache-2.0",
      "peer": true,
      "dependencies": {
        "simple-plist": "^1.1.0",
        "uuid": "^7.0.3"
      },
      "engines": {
        "node": ">=10.0.0"
      }
    },
    "node_modules/xml2js": {
      "version": "0.6.0",
      "resolved": "https://registry.npmjs.org/xml2js/-/xml2js-0.6.0.tgz",
      "integrity": "sha512-eLTh0kA8uHceqesPqSE+VvO1CDDJWMwlQfB6LuN6T8w6MaDJ8Txm8P7s5cHD0miF0V+GGTZrDQfxPZQVsur33w==",
      "license": "MIT",
      "peer": true,
      "dependencies": {
        "sax": ">=0.6.0",
        "xmlbuilder": "~11.0.0"
      },
      "engines": {
        "node": ">=4.0.0"
      }
    },
    "node_modules/xml2js/node_modules/xmlbuilder": {
      "version": "11.0.1",
      "resolved": "https://registry.npmjs.org/xmlbuilder/-/xmlbuilder-11.0.1.tgz",
      "integrity": "sha512-fDlsI/kFEx7gLvbecc0/ohLG50fugQp8ryHzMTuW9vSa1GJ0XYWKnhsUx7oie3G98+r56aTQIUB4kht42R3JvA==",
      "license": "MIT",
      "peer": true,
      "engines": {
        "node": ">=4.0"
      }
    },
    "node_modules/xmlbuilder": {
      "version": "15.1.1",
      "resolved": "https://registry.npmjs.org/xmlbuilder/-/xmlbuilder-15.1.1.tgz",
      "integrity": "sha512-yMqGBqtXyeN1e3TGYvgNgDVZ3j84W4cwkOXQswghol6APgZWaff9lnbvN7MHYJOiXsvGPXtjTYJEiC9J2wv9Eg==",
      "license": "MIT",
      "peer": true,
      "engines": {
        "node": ">=8.0"
      }
    },
    "node_modules/y18n": {
      "version": "5.0.8",
      "resolved": "https://registry.npmjs.org/y18n/-/y18n-5.0.8.tgz",
      "integrity": "sha512-0pfFzegeDWJHJIAmTLRP2DwHjdF5s7jo9tuztdQxAhINCdvS+3nGINqPd00AphqJR/0LhANUS6/+7SCb98YOfA==",
      "license": "ISC",
      "peer": true,
      "engines": {
        "node": ">=10"
      }
    },
    "node_modules/yallist": {
      "version": "3.1.1",
      "resolved": "https://registry.npmjs.org/yallist/-/yallist-3.1.1.tgz",
      "integrity": "sha512-a4UGQaWPH59mOXUYnAG2ewncQS4i4F43Tv3JoAM+s2VDAmS9NsK8GpDMLrCHPksFT7h3K6TOoUNn2pb7RoXx4g==",
      "license": "ISC",
      "peer": true
    },
    "node_modules/yaml": {
      "version": "2.9.0",
      "resolved": "https://registry.npmjs.org/yaml/-/yaml-2.9.0.tgz",
      "integrity": "sha512-2AvhNX3mb8zd6Zy7INTtSpl1F15HW6Wnqj0srWlkKLcpYl/gMIMJiyuGq2KeI2YFxUPjdlB+3Lc10seMLtL4cA==",
      "license": "ISC",
      "peer": true,
      "bin": {
        "yaml": "bin.mjs"
      },
      "engines": {
        "node": ">= 14.6"
      },
      "funding": {
        "url": "https://github.com/sponsors/eemeli"
      }
    },
    "node_modules/yargs": {
      "version": "17.7.3",
      "resolved": "https://registry.npmjs.org/yargs/-/yargs-17.7.3.tgz",
      "integrity": "sha512-GZtjxm/J/4TSxuL3FNYjCmLktBTnIw/rVmKSIyKeYAZpmJB2ig9VauCC5xsa82GNKVKDAqpOn3KVzNt0zmrU0g==",
      "license": "MIT",
      "peer": true,
      "dependencies": {
        "cliui": "^8.0.1",
        "escalade": "^3.1.1",
        "get-caller-file": "^2.0.5",
        "require-directory": "^2.1.1",
        "string-width": "^4.2.3",
        "y18n": "^5.0.5",
        "yargs-parser": "^21.1.1"
      },
      "engines": {
        "node": ">=12"
      }
    },
    "node_modules/yargs-parser": {
      "version": "21.1.1",
      "resolved": "https://registry.npmjs.org/yargs-parser/-/yargs-parser-21.1.1.tgz",
      "integrity": "sha512-tVpsJW7DdjecAiFpbIB1e3qxIQsE6NoPc5/eTdrbbIC4h0LVsWhnoa3g+m2HclBIujHzsxZ4VJVA+GUuc2/LBw==",
      "license": "ISC",
      "peer": true,
      "engines": {
        "node": ">=12"
      }
    },
    "node_modules/zod": {
      "version": "3.25.76",
      "resolved": "https://registry.npmjs.org/zod/-/zod-3.25.76.tgz",
      "integrity": "sha512-gzUt/qt81nXsFGKIFcC3YnfEAx5NkunCfnDlvuBSSFS02bcXu4Lmea0AFIUwbLWxWPx3d9p8S5QoaujKcNQxcQ==",
      "license": "MIT",
      "peer": true,
      "funding": {
        "url": "https://github.com/sponsors/colinhacks"
      }
    }
  }
}
